
Microsoft Visual Studio Solution File, Format Version 12.00
# Visual Studio Version 17
VisualStudioVersion = 17.3.32922.545
MinimumVisualStudioVersion = 10.0.40219.1
Project("{FAE04EC0-301F-11D3-BF4B-00C04F79EFBC}") = "SquareCalculator", "SquareCalculator.csproj", "{7FDD8E48-BCEF-476A-8A1B-E360A17CBAB0}"
EndProject
Project("{FAE04EC0-301F-11D3-BF4B-00C04F79EFBC}") = "SquareCalculatorTests", "..\SquareCalculatorTests\SquareCalculatorTests.csproj", "{860FA9CB-6685-448E-9A5A-80FA2E80E399}"
EndProject
Global
	GlobalSection(SolutionConfigurationPlatforms) = preSolution
		Debug|Any CPU = Debug|Any CPU
		Release|Any CPU = Release|Any CPU
	EndGlobalSection
	GlobalSection(ProjectConfigurationPlatforms) = postSolution
		{7FDD8E48-BCEF-476A-8A1B-E360A17CBAB0}.Debug|Any CPU.ActiveCfg = Debug|Any CPU
		{7FDD8E48-BCEF-476A-8A1B-E360A17CBAB0}.Debug|Any CPU.Build.0 = Debug|Any CPU
		{7FDD8E48-BCEF-476A-8A1B-E360A17CBAB0}.Release|Any CPU.ActiveCfg = Release|Any CPU
		{7FDD8E48-BCEF-476A-8A1B-E360A17CBAB0}.Release|Any CPU.Build.0 = Release|Any CPU
		{860FA9CB-6685-448E-9A5A-80FA2E80E399}.Debug|Any CPU.ActiveCfg = Debug|Any CPU
		{860FA9CB-6685-448E-9A5A-80FA2E80E399}.Debug|Any CPU.Build.0 = Debug|Any CPU
		{860FA9CB-6685-448E-9A5A-80FA2E80E399}.Release|Any CPU.ActiveCfg = Release|Any CPU
		{860FA9CB-6685-448E-9A5A-80FA2E80E399}.Release|Any CPU.Build.0 = Release|Any CPU
	EndGlobalSection
	GlobalSection(SolutionProperties) = preSolution
		HideSolutionNode = FALSE
	EndGlobalSection
	GlobalSection(ExtensibilityGlobals) = postSolution
		SolutionGuid = {6E20F5F2-E21A-479F-B047-0938FF72940A}
	EndGlobalSection
EndGlobal
